{
  "name": "f2e_project",
  "lockfileVersion": 2,
  "requires": true,
  "packages": {
    "": {
      "dependencies": {
        "overlayscrollbars": "^2.1.0",
        "tua-body-scroll-lock": "^1.2.1",
        "vanilla-lazyload": "^17.8.3"
      }
    },
    "node_modules/overlayscrollbars": {
      "version": "2.1.0",
      "resolved": "https://registry.npmjs.org/overlayscrollbars/-/overlayscrollbars-2.1.0.tgz",
      "integrity": "sha512-L6p4o4aWse5pDstRnJjZaos+al+bkuAgzGIlWwlsxRSgW6+7Kvrp+kAzlWoTZ1bgB4CJj+8u5bjdq8XHEhWjrw=="
    },
    "node_modules/tua-body-scroll-lock": {
      "version": "1.2.1",
      "resolved": "https://registry.npmjs.org/tua-body-scroll-lock/-/tua-body-scroll-lock-1.2.1.tgz",
      "integrity": "sha512-DuGbQxIBSbz7/aAwh0oMThOwCwDdYzsU8nF5XQPAvoeOBWp/qhjrZfOtc84gj6CQLZu5L1+TgMNX6fW3OuafHA=="
    },
    "node_modules/vanilla-lazyload": {
      "version": "17.8.3",
      "resolved": "https://registry.npmjs.org/vanilla-lazyload/-/vanilla-lazyload-17.8.3.tgz",
      "integrity": "sha512-0eYjhkSkfP/JCDIzVpmgnh9I3XKAA8/i/6FpRrH8qjcC+nHv5mYZ6DQZUIGU16TqJei23hHl0J/Zuv/zmCC2Zw==",
      "funding": {
        "type": "individual",
        "url": "https://ko-fi.com/verlok"
      }
    }
  },
  "dependencies": {
    "overlayscrollbars": {
      "version": "2.1.0",
      "resolved": "https://registry.npmjs.org/overlayscrollbars/-/overlayscrollbars-2.1.0.tgz",
      "integrity": "sha512-L6p4o4aWse5pDstRnJjZaos+al+bkuAgzGIlWwlsxRSgW6+7Kvrp+kAzlWoTZ1bgB4CJj+8u5bjdq8XHEhWjrw=="
    },
    "tua-body-scroll-lock": {
      "version": "1.2.1",
      "resolved": "https://registry.npmjs.org/tua-body-scroll-lock/-/tua-body-scroll-lock-1.2.1.tgz",
      "integrity": "sha512-DuGbQxIBSbz7/aAwh0oMThOwCwDdYzsU8nF5XQPAvoeOBWp/qhjrZfOtc84gj6CQLZu5L1+TgMNX6fW3OuafHA=="
    },
    "vanilla-lazyload": {
      "version": "17.8.3",
      "resolved": "https://registry.npmjs.org/vanilla-lazyload/-/vanilla-lazyload-17.8.3.tgz",
      "integrity": "sha512-0eYjhkSkfP/JCDIzVpmgnh9I3XKAA8/i/6FpRrH8qjcC+nHv5mYZ6DQZUIGU16TqJei23hHl0J/Zuv/zmCC2Zw=="
    }
  }
}
